// !$*UTF8*$!
{
	archiveVersion = 1;
	classes = {
	};
	objectVersion = 60;
	objects = {

/* Begin PBXBuildFile section */
		089B9E1A54764EEDBCD34B79 /* MacroLabel.swift in Sources */ = {isa = PBXBuildFile; fileRef = 6C146B4AEF134E3FB77B8DC4 /* MacroLabel.swift */; };
		1217FEC2A592459C8B1C1F51 /* SyncService.swift in Sources */ = {isa = PBXBuildFile; fileRef = 12CC09EE50844AD199FA2EA5 /* SyncService.swift */; };
		198B0D08598B4C999395032C /* Date+Extensions.swift in Sources */ = {isa = PBXBuildFile; fileRef = 73F1543EC1C6453AB38E320A /* Date+Extensions.swift */; };
		1EF472F25C63465F90B8F35F /* PhotoRecognitionService.swift in Sources */ = {isa = PBXBuildFile; fileRef = 94DDE2BE6EE240D2BAFAF10F /* PhotoRecognitionService.swift */; };
		2383CC2AA3744372B54AD8B1 /* PhotoCaptureView.swift in Sources */ = {isa = PBXBuildFile; fileRef = 0199E360537F4C6499824970 /* PhotoCaptureView.swift */; };
		27B13E4A79214A428C212FB1 /* Color+Theme.swift in Sources */ = {isa = PBXBuildFile; fileRef = 6A1881E19C0C4537A2ABFC48 /* Color+Theme.swift */; };
		30CCE1F32F3166F500984462 /* ViewExtensions.swift in Sources */ = {isa = PBXBuildFile; fileRef = 30CCE1F22F3166F000984462 /* ViewExtensions.swift */; };
		30CCE1F72F33B31100984462 /* Font+Theme.swift in Sources */ = {isa = PBXBuildFile; fileRef = 30CCE1F62F33B31100984462 /* Font+Theme.swift */; };
		464511A440A34C5493215E54 /* FoodRecognitionRequest.swift in Sources */ = {isa = PBXBuildFile; fileRef = 257424FC30CE4C269F50645E /* FoodRecognitionRequest.swift */; };
		5566E7C09732403AA81DE12A /* SettingsView.swift in Sources */ = {isa = PBXBuildFile; fileRef = 6D7DA80B1BDD4F1C85E7A5C3 /* SettingsView.swift */; };
		5675B01BC40A41509E2C53FC /* ZenithApp.swift in Sources */ = {isa = PBXBuildFile; fileRef = D9C6B6ED0A4B414E8FBB049C /* ZenithApp.swift */; };
		63D7A61B8BA1469698FCBC2F /* HistoryView.swift in Sources */ = {isa = PBXBuildFile; fileRef = D9E327D659804D17ADB2C903 /* HistoryView.swift */; };
		69FEA55421C14CD68E4E9D1D /* MacroSummaryView.swift in Sources */ = {isa = PBXBuildFile; fileRef = 22FF32C1DA3149E181EBB9C6 /* MacroSummaryView.swift */; };
		6CF73606522E40D685AA7CA3 /* UserSettings.swift in Sources */ = {isa = PBXBuildFile; fileRef = 85AF2C2A238A4B89BA126658 /* UserSettings.swift */; };
		70EDF08FCD094FE38CAF0E77 /* DashboardView.swift in Sources */ = {isa = PBXBuildFile; fileRef = 7D5BA6574188480F948DF1B7 /* DashboardView.swift */; };
		74BD8A08580B4766B9F859B8 /* SyncUploadRequest.swift in Sources */ = {isa = PBXBuildFile; fileRef = EADE48CC2D404491848A6ACE /* SyncUploadRequest.swift */; };
		75005E239BA9433D9885507C /* RecentEntriesListView.swift in Sources */ = {isa = PBXBuildFile; fileRef = EA589DC9957A4705A05728C5 /* RecentEntriesListView.swift */; };
		8DDAED55967346B7A3FD9A4E /* FoodEntry.swift in Sources */ = {isa = PBXBuildFile; fileRef = 9FC32BE67E2349148ED29475 /* FoodEntry.swift */; };
		963B533323A344D792B1C231 /* APIClient.swift in Sources */ = {isa = PBXBuildFile; fileRef = 981034B3DAD1482287E5DCAB /* APIClient.swift */; };
		9A01D96D995146628A61D1F7 /* SyncDownloadResponse.swift in Sources */ = {isa = PBXBuildFile; fileRef = 0C3B6C5A22E24A5F8C2210C2 /* SyncDownloadResponse.swift */; };
		A1B2C3D4E5F647889A0B1C2D /* FlowLayout.swift in Sources */ = {isa = PBXBuildFile; fileRef = D4E5F6A7B8C949DA8B0C1D2E /* FlowLayout.swift */; };
		A25F5485CA7941C08B3F2714 /* AddEntryView.swift in Sources */ = {isa = PBXBuildFile; fileRef = 0DFA04A9678A48CBA05300B8 /* AddEntryView.swift */; };
		B619694BFD664E5FA8FBB233 /* LiveAPIClient.swift in Sources */ = {isa = PBXBuildFile; fileRef = 4C60A362756C4163A148014D /* LiveAPIClient.swift */; };
		BB0A71D89CD948A39B9A2EE7 /* Assets.xcassets in Resources */ = {isa = PBXBuildFile; fileRef = CFC268E44D744C188BCCA8CA /* Assets.xcassets */; };
		C255A6B9685F4CC387998C87 /* SyncDownloadRequest.swift in Sources */ = {isa = PBXBuildFile; fileRef = 90BF24D89B244D6590440182 /* SyncDownloadRequest.swift */; };
		C34BD3DD8F124405A3FE48E8 /* MockAPIClient.swift in Sources */ = {isa = PBXBuildFile; fileRef = 0B0752B0254041EF9AFADD28 /* MockAPIClient.swift */; };
		CBC106A70AAD496380A4C4E9 /* CalorieRingView.swift in Sources */ = {isa = PBXBuildFile; fileRef = F9DA21A4B49242D3AD12B2D9 /* CalorieRingView.swift */; };
		D8C826FC9E124CF89EC68E4A /* DayDetailView.swift in Sources */ = {isa = PBXBuildFile; fileRef = A946DD5B7E4F4FD7BD8ECB81 /* DayDetailView.swift */; };
		D9E6F95D3E0948F4B3F11D0A /* ContentView.swift in Sources */ = {isa = PBXBuildFile; fileRef = 9CC2A42600594297B541294A /* ContentView.swift */; };
		DE2CED9F275B40E1825AE468 /* FoodRecognitionResultsView.swift in Sources */ = {isa = PBXBuildFile; fileRef = DFB2AA3E7E9A473DA64C47EE /* FoodRecognitionResultsView.swift */; };
		DFDAAEBBC27045C1957B6C2B /* FoodRecognitionResponse.swift in Sources */ = {isa = PBXBuildFile; fileRef = B8E3BF1A3D614F06A338E787 /* FoodRecognitionResponse.swift */; };
		E58961860C7341EEA58CD7DD /* NutritionFormFields.swift in Sources */ = {isa = PBXBuildFile; fileRef = 2119854FC96944F49ABA5B38 /* NutritionFormFields.swift */; };
		F0629093D0654795BBB0381A /* SyncUploadResponse.swift in Sources */ = {isa = PBXBuildFile; fileRef = 59FCB9274DAF4382A2BC00C8 /* SyncUploadResponse.swift */; };
/* End PBXBuildFile section */

/* Begin PBXFileReference section */
		0199E360537F4C6499824970 /* PhotoCaptureView.swift */ = {isa = PBXFileReference; lastKnownFileType = sourcecode.swift; path = PhotoCaptureView.swift; sourceTree = "<group>"; };
		0B0752B0254041EF9AFADD28 /* MockAPIClient.swift */ = {isa = PBXFileReference; lastKnownFileType = sourcecode.swift; path = MockAPIClient.swift; sourceTree = "<group>"; };
		0C3B6C5A22E24A5F8C2210C2 /* SyncDownloadResponse.swift */ = {isa = PBXFileReference; lastKnownFileType = sourcecode.swift; path = SyncDownloadResponse.swift; sourceTree = "<group>"; };
		0DFA04A9678A48CBA05300B8 /* AddEntryView.swift */ = {isa = PBXFileReference; lastKnownFileType = sourcecode.swift; path = AddEntryView.swift; sourceTree = "<group>"; };
		12CC09EE50844AD199FA2EA5 /* SyncService.swift */ = {isa = PBXFileReference; lastKnownFileType = sourcecode.swift; path = SyncService.swift; sourceTree = "<group>"; };
		2119854FC96944F49ABA5B38 /* NutritionFormFields.swift */ = {isa = PBXFileReference; lastKnownFileType = sourcecode.swift; path = NutritionFormFields.swift; sourceTree = "<group>"; };
		22FF32C1DA3149E181EBB9C6 /* MacroSummaryView.swift */ = {isa = PBXFileReference; lastKnownFileType = sourcecode.swift; path = MacroSummaryView.swift; sourceTree = "<group>"; };
		257424FC30CE4C269F50645E /* FoodRecognitionRequest.swift */ = {isa = PBXFileReference; lastKnownFileType = sourcecode.swift; path = FoodRecognitionRequest.swift; sourceTree = "<group>"; };
		30CCE1F22F3166F000984462 /* ViewExtensions.swift */ = {isa = PBXFileReference; lastKnownFileType = sourcecode.swift; path = ViewExtensions.swift; sourceTree = "<group>"; };
		30CCE1F62F33B31100984462 /* Font+Theme.swift */ = {isa = PBXFileReference; lastKnownFileType = sourcecode.swift; path = "Font+Theme.swift"; sourceTree = "<group>"; };
		4C60A362756C4163A148014D /* LiveAPIClient.swift */ = {isa = PBXFileReference; lastKnownFileType = sourcecode.swift; path = LiveAPIClient.swift; sourceTree = "<group>"; };
		59FCB9274DAF4382A2BC00C8 /* SyncUploadResponse.swift */ = {isa = PBXFileReference; lastKnownFileType = sourcecode.swift; path = SyncUploadResponse.swift; sourceTree = "<group>"; };
		6A1881E19C0C4537A2ABFC48 /* Color+Theme.swift */ = {isa = PBXFileReference; lastKnownFileType = sourcecode.swift; path = "Color+Theme.swift"; sourceTree = "<group>"; };
		6C146B4AEF134E3FB77B8DC4 /* MacroLabel.swift */ = {isa = PBXFileReference; lastKnownFileType = sourcecode.swift; path = MacroLabel.swift; sourceTree = "<group>"; };
		6D7DA80B1BDD4F1C85E7A5C3 /* SettingsView.swift */ = {isa = PBXFileReference; lastKnownFileType = sourcecode.swift; path = SettingsView.swift; sourceTree = "<group>"; };
		73F1543EC1C6453AB38E320A /* Date+Extensions.swift */ = {isa = PBXFileReference; lastKnownFileType = sourcecode.swift; path = "Date+Extensions.swift"; sourceTree = "<group>"; };
		7D5BA6574188480F948DF1B7 /* DashboardView.swift */ = {isa = PBXFileReference; lastKnownFileType = sourcecode.swift; path = DashboardView.swift; sourceTree = "<group>"; };
		85AF2C2A238A4B89BA126658 /* UserSettings.swift */ = {isa = PBXFileReference; lastKnownFileType = sourcecode.swift; path = UserSettings.swift; sourceTree = "<group>"; };
		90BF24D89B244D6590440182 /* SyncDownloadRequest.swift */ = {isa = PBXFileReference; lastKnownFileType = sourcecode.swift; path = SyncDownloadRequest.swift; sourceTree = "<group>"; };
		94DDE2BE6EE240D2BAFAF10F /* PhotoRecognitionService.swift */ = {isa = PBXFileReference; lastKnownFileType = sourcecode.swift; path = PhotoRecognitionService.swift; sourceTree = "<group>"; };
		981034B3DAD1482287E5DCAB /* APIClient.swift */ = {isa = PBXFileReference; lastKnownFileType = sourcecode.swift; path = APIClient.swift; sourceTree = "<group>"; };
		9CC2A42600594297B541294A /* ContentView.swift */ = {isa = PBXFileReference; lastKnownFileType = sourcecode.swift; path = ContentView.swift; sourceTree = "<group>"; };
		9FC32BE67E2349148ED29475 /* FoodEntry.swift */ = {isa = PBXFileReference; lastKnownFileType = sourcecode.swift; path = FoodEntry.swift; sourceTree = "<group>"; };
		A946DD5B7E4F4FD7BD8ECB81 /* DayDetailView.swift */ = {isa = PBXFileReference; lastKnownFileType = sourcecode.swift; path = DayDetailView.swift; sourceTree = "<group>"; };
		B8E3BF1A3D614F06A338E787 /* FoodRecognitionResponse.swift */ = {isa = PBXFileReference; lastKnownFileType = sourcecode.swift; path = FoodRecognitionResponse.swift; sourceTree = "<group>"; };
		CFC268E44D744C188BCCA8CA /* Assets.xcassets */ = {isa = PBXFileReference; lastKnownFileType = folder.assetcatalog; path = Assets.xcassets; sourceTree = "<group>"; };
		D4E5F6A7B8C949DA8B0C1D2E /* FlowLayout.swift */ = {isa = PBXFileReference; lastKnownFileType = sourcecode.swift; path = FlowLayout.swift; sourceTree = "<group>"; };
		D9C6B6ED0A4B414E8FBB049C /* ZenithApp.swift */ = {isa = PBXFileReference; lastKnownFileType = sourcecode.swift; path = ZenithApp.swift; sourceTree = "<group>"; };
		D9E327D659804D17ADB2C903 /* HistoryView.swift */ = {isa = PBXFileReference; lastKnownFileType = sourcecode.swift; path = HistoryView.swift; sourceTree = "<group>"; };
		DFB2AA3E7E9A473DA64C47EE /* FoodRecognitionResultsView.swift */ = {isa = PBXFileReference; lastKnownFileType = sourcecode.swift; path = FoodRecognitionResultsView.swift; sourceTree = "<group>"; };
		EA589DC9957A4705A05728C5 /* RecentEntriesListView.swift */ = {isa = PBXFileReference; lastKnownFileType = sourcecode.swift; path = RecentEntriesListView.swift; sourceTree = "<group>"; };
		EADE48CC2D404491848A6ACE /* SyncUploadRequest.swift */ = {isa = PBXFileReference; lastKnownFileType = sourcecode.swift; path = SyncUploadRequest.swift; sourceTree = "<group>"; };
		F6CB2B9B472C4B54A3F3E7B1 /* Zenith.app */ = {isa = PBXFileReference; explicitFileType = wrapper.application; includeInIndex = 0; path = Zenith.app; sourceTree = BUILT_PRODUCTS_DIR; };
		F9DA21A4B49242D3AD12B2D9 /* CalorieRingView.swift */ = {isa = PBXFileReference; lastKnownFileType = sourcecode.swift; path = CalorieRingView.swift; sourceTree = "<group>"; };
/* End PBXFileReference section */

/* Begin PBXFrameworksBuildPhase section */
		C311403312314749BB2F680D /* Frameworks */ = {
			isa = PBXFrameworksBuildPhase;
			buildActionMask = 2147483647;
			files = (
			);
			runOnlyForDeploymentPostprocessing = 0;
		};
/* End PBXFrameworksBuildPhase section */

/* Begin PBXGroup section */
		05CF57A066A94937AE318B20 /* Products */ = {
			isa = PBXGroup;
			children = (
				F6CB2B9B472C4B54A3F3E7B1 /* Zenith.app */,
			);
			name = Products;
			sourceTree = "<group>";
		};
		299DC9A0612F4C2FBA767464 /* Settings */ = {
			isa = PBXGroup;
			children = (
				6D7DA80B1BDD4F1C85E7A5C3 /* SettingsView.swift */,
			);
			path = Settings;
			sourceTree = "<group>";
		};
		3554F6FF1ACB407583A69276 /* Views */ = {
			isa = PBXGroup;
			children = (
				B6F0CB53524D489EB3DC67F0 /* AddEntry */,
				B59B4FAA5FD34DF3A24503C8 /* Dashboard */,
				8F68A5DA7006489288CE3610 /* History */,
				299DC9A0612F4C2FBA767464 /* Settings */,
				66ADE01970704968AE435E80 /* Shared */,
			);
			path = Views;
			sourceTree = "<group>";
		};
		578E4A5C796840AEB40FBB9C /* Zenith */ = {
			isa = PBXGroup;
			children = (
				780FD3C99CEF4C9F9010AF15 /* Models */,
				B49D6A30CE6A45259CD2A225 /* Networking */,
				DC3E2FF0A2304DC6AF365E69 /* Services */,
				96D79AC53CFC471A94D84329 /* Utilities */,
				3554F6FF1ACB407583A69276 /* Views */,
				9CC2A42600594297B541294A /* ContentView.swift */,
				D9C6B6ED0A4B414E8FBB049C /* ZenithApp.swift */,
				CFC268E44D744C188BCCA8CA /* Assets.xcassets */,
			);
			path = Zenith;
			sourceTree = "<group>";
		};
		66ADE01970704968AE435E80 /* Shared */ = {
			isa = PBXGroup;
			children = (
				30CCE1F22F3166F000984462 /* ViewExtensions.swift */,
				6C146B4AEF134E3FB77B8DC4 /* MacroLabel.swift */,
				2119854FC96944F49ABA5B38 /* NutritionFormFields.swift */,
			);
			path = Shared;
			sourceTree = "<group>";
		};
		6BCEBA0BF2484E1DB6FC3771 /* DTOs */ = {
			isa = PBXGroup;
			children = (
				257424FC30CE4C269F50645E /* FoodRecognitionRequest.swift */,
				B8E3BF1A3D614F06A338E787 /* FoodRecognitionResponse.swift */,
				90BF24D89B244D6590440182 /* SyncDownloadRequest.swift */,
				0C3B6C5A22E24A5F8C2210C2 /* SyncDownloadResponse.swift */,
				EADE48CC2D404491848A6ACE /* SyncUploadRequest.swift */,
				59FCB9274DAF4382A2BC00C8 /* SyncUploadResponse.swift */,
			);
			path = DTOs;
			sourceTree = "<group>";
		};
		780FD3C99CEF4C9F9010AF15 /* Models */ = {
			isa = PBXGroup;
			children = (
				9FC32BE67E2349148ED29475 /* FoodEntry.swift */,
				85AF2C2A238A4B89BA126658 /* UserSettings.swift */,
			);
			path = Models;
			sourceTree = "<group>";
		};
		8F68A5DA7006489288CE3610 /* History */ = {
			isa = PBXGroup;
			children = (
				A946DD5B7E4F4FD7BD8ECB81 /* DayDetailView.swift */,
				D9E327D659804D17ADB2C903 /* HistoryView.swift */,
			);
			path = History;
			sourceTree = "<group>";
		};
		96D79AC53CFC471A94D84329 /* Utilities */ = {
			isa = PBXGroup;
			children = (
				30CCE1F62F33B31100984462 /* Font+Theme.swift */,
				6A1881E19C0C4537A2ABFC48 /* Color+Theme.swift */,
				73F1543EC1C6453AB38E320A /* Date+Extensions.swift */,
				D4E5F6A7B8C949DA8B0C1D2E /* FlowLayout.swift */,
			);
			path = Utilities;
			sourceTree = "<group>";
		};
		B49D6A30CE6A45259CD2A225 /* Networking */ = {
			isa = PBXGroup;
			children = (
				6BCEBA0BF2484E1DB6FC3771 /* DTOs */,
				981034B3DAD1482287E5DCAB /* APIClient.swift */,
				4C60A362756C4163A148014D /* LiveAPIClient.swift */,
				0B0752B0254041EF9AFADD28 /* MockAPIClient.swift */,
			);
			path = Networking;
			sourceTree = "<group>";
		};
		B59B4FAA5FD34DF3A24503C8 /* Dashboard */ = {
			isa = PBXGroup;
			children = (
				F9DA21A4B49242D3AD12B2D9 /* CalorieRingView.swift */,
				7D5BA6574188480F948DF1B7 /* DashboardView.swift */,
				22FF32C1DA3149E181EBB9C6 /* MacroSummaryView.swift */,
				EA589DC9957A4705A05728C5 /* RecentEntriesListView.swift */,
			);
			path = Dashboard;
			sourceTree = "<group>";
		};
		B6F0CB53524D489EB3DC67F0 /* AddEntry */ = {
			isa = PBXGroup;
			children = (
				0DFA04A9678A48CBA05300B8 /* AddEntryView.swift */,
				DFB2AA3E7E9A473DA64C47EE /* FoodRecognitionResultsView.swift */,
				0199E360537F4C6499824970 /* PhotoCaptureView.swift */,
			);
			path = AddEntry;
			sourceTree = "<group>";
		};
		C1D972FED61242FDB4149470 = {
			isa = PBXGroup;
			children = (
				578E4A5C796840AEB40FBB9C /* Zenith */,
				05CF57A066A94937AE318B20 /* Products */,
			);
			sourceTree = "<group>";
		};
		DC3E2FF0A2304DC6AF365E69 /* Services */ = {
			isa = PBXGroup;
			children = (
				94DDE2BE6EE240D2BAFAF10F /* PhotoRecognitionService.swift */,
				12CC09EE50844AD199FA2EA5 /* SyncService.swift */,
			);
			path = Services;
			sourceTree = "<group>";
		};
/* End PBXGroup section */

/* Begin PBXNativeTarget section */
		BBB2C7077A5D4124BCC7D325 /* Zenith */ = {
			isa = PBXNativeTarget;
			buildConfigurationList = 910CBCF8707C458B97C669A6 /* Build configuration list for PBXNativeTarget "Zenith" */;
			buildPhases = (
				A1F2D3E4B5C6478990A1B2C3 /* SwiftFormat */,
				BFEBD7A3ADFC4B59A23BBB9C /* Sources */,
				C311403312314749BB2F680D /* Frameworks */,
				69D3F83496204F0AB14F0DDF /* Resources */,
			);
			buildRules = (
			);
			dependencies = (
			);
			name = Zenith;
			productName = Zenith;
			productReference = F6CB2B9B472C4B54A3F3E7B1 /* Zenith.app */;
			productType = "com.apple.product-type.application";
		};
/* End PBXNativeTarget section */

/* Begin PBXProject section */
		DE1920EC4E14402987DCABA2 /* Project object */ = {
			isa = PBXProject;
			attributes = {
				BuildIndependentTargetsInParallel = 1;
				LastSwiftUpdateCheck = 1600;
				LastUpgradeCheck = 1600;
			};
			buildConfigurationList = 16345084867F4D069E41C94A /* Build configuration list for PBXProject "Zenith" */;
			compatibilityVersion = "Xcode 15.0";
			developmentRegion = en;
			hasScannedForEncodings = 0;
			knownRegions = (
				en,
				Base,
			);
			mainGroup = C1D972FED61242FDB4149470;
			productRefGroup = 05CF57A066A94937AE318B20 /* Products */;
			projectDirPath = "";
			projectRoot = "";
			targets = (
				BBB2C7077A5D4124BCC7D325 /* Zenith */,
			);
		};
/* End PBXProject section */

/* Begin PBXResourcesBuildPhase section */
		69D3F83496204F0AB14F0DDF /* Resources */ = {
			isa = PBXResourcesBuildPhase;
			buildActionMask = 2147483647;
			files = (
				BB0A71D89CD948A39B9A2EE7 /* Assets.xcassets in Resources */,
			);
			runOnlyForDeploymentPostprocessing = 0;
		};
/* End PBXResourcesBuildPhase section */

/* Begin PBXShellScriptBuildPhase section */
		A1F2D3E4B5C6478990A1B2C3 /* SwiftFormat */ = {
			isa = PBXShellScriptBuildPhase;
			buildActionMask = 2147483647;
			files = (
			);
			inputFileListPaths = (
			);
			inputPaths = (
			);
			name = SwiftFormat;
			outputFileListPaths = (
			);
			outputPaths = (
			);
			runOnlyForDeploymentPostprocessing = 0;
			shellPath = /bin/sh;
			shellScript = "if which swiftformat > /dev/null; then\n  swiftformat .\nelse\n  echo \"warning: SwiftFormat not installed, download from https://github.com/nicklockwood/SwiftFormat\"\nfi\n";
		};
/* End PBXShellScriptBuildPhase section */

/* Begin PBXSourcesBuildPhase section */
		BFEBD7A3ADFC4B59A23BBB9C /* Sources */ = {
			isa = PBXSourcesBuildPhase;
			buildActionMask = 2147483647;
			files = (
				30CCE1F72F33B31100984462 /* Font+Theme.swift in Sources */,
				D9E6F95D3E0948F4B3F11D0A /* ContentView.swift in Sources */,
				5675B01BC40A41509E2C53FC /* ZenithApp.swift in Sources */,
				8DDAED55967346B7A3FD9A4E /* FoodEntry.swift in Sources */,
				6CF73606522E40D685AA7CA3 /* UserSettings.swift in Sources */,
				963B533323A344D792B1C231 /* APIClient.swift in Sources */,
				464511A440A34C5493215E54 /* FoodRecognitionRequest.swift in Sources */,
				DFDAAEBBC27045C1957B6C2B /* FoodRecognitionResponse.swift in Sources */,
				C255A6B9685F4CC387998C87 /* SyncDownloadRequest.swift in Sources */,
				9A01D96D995146628A61D1F7 /* SyncDownloadResponse.swift in Sources */,
				74BD8A08580B4766B9F859B8 /* SyncUploadRequest.swift in Sources */,
				30CCE1F32F3166F500984462 /* ViewExtensions.swift in Sources */,
				F0629093D0654795BBB0381A /* SyncUploadResponse.swift in Sources */,
				B619694BFD664E5FA8FBB233 /* LiveAPIClient.swift in Sources */,
				C34BD3DD8F124405A3FE48E8 /* MockAPIClient.swift in Sources */,
				1EF472F25C63465F90B8F35F /* PhotoRecognitionService.swift in Sources */,
				1217FEC2A592459C8B1C1F51 /* SyncService.swift in Sources */,
				27B13E4A79214A428C212FB1 /* Color+Theme.swift in Sources */,
				198B0D08598B4C999395032C /* Date+Extensions.swift in Sources */,
				A25F5485CA7941C08B3F2714 /* AddEntryView.swift in Sources */,
				DE2CED9F275B40E1825AE468 /* FoodRecognitionResultsView.swift in Sources */,
				2383CC2AA3744372B54AD8B1 /* PhotoCaptureView.swift in Sources */,
				CBC106A70AAD496380A4C4E9 /* CalorieRingView.swift in Sources */,
				70EDF08FCD094FE38CAF0E77 /* DashboardView.swift in Sources */,
				69FEA55421C14CD68E4E9D1D /* MacroSummaryView.swift in Sources */,
				75005E239BA9433D9885507C /* RecentEntriesListView.swift in Sources */,
				D8C826FC9E124CF89EC68E4A /* DayDetailView.swift in Sources */,
				63D7A61B8BA1469698FCBC2F /* HistoryView.swift in Sources */,
				5566E7C09732403AA81DE12A /* SettingsView.swift in Sources */,
				089B9E1A54764EEDBCD34B79 /* MacroLabel.swift in Sources */,
				E58961860C7341EEA58CD7DD /* NutritionFormFields.swift in Sources */,
				A1B2C3D4E5F647889A0B1C2D /* FlowLayout.swift in Sources */,
			);
			runOnlyForDeploymentPostprocessing = 0;
		};
/* End PBXSourcesBuildPhase section */

/* Begin XCBuildConfiguration section */
		2AE2AC80955347C483EE9E7C /* Release */ = {
			isa = XCBuildConfiguration;
			buildSettings = {
				ASSETCATALOG_COMPILER_APPICON_NAME = AppIcon;
				ASSETCATALOG_COMPILER_GLOBAL_ACCENT_COLOR_NAME = AccentColor;
				CODE_SIGN_STYLE = Automatic;
				CURRENT_PROJECT_VERSION = 1;
				DEVELOPMENT_ASSET_PATHS = "";
				ENABLE_PREVIEWS = YES;
				GENERATE_INFOPLIST_FILE = YES;
				INFOPLIST_KEY_NSCameraUsageDescription = "Zenith needs camera access to recognize food from photos.";
				INFOPLIST_KEY_UIApplicationSceneManifest_Generation = YES;
				INFOPLIST_KEY_UIApplicationSupportsIndirectInputEvents = YES;
				INFOPLIST_KEY_UILaunchScreen_Generation = YES;
				INFOPLIST_KEY_UISupportedInterfaceOrientations_iPad = "UIInterfaceOrientationPortrait UIInterfaceOrientationPortraitUpsideDown UIInterfaceOrientationLandscapeLeft UIInterfaceOrientationLandscapeRight";
				INFOPLIST_KEY_UISupportedInterfaceOrientations_iPhone = "UIInterfaceOrientationPortrait UIInterfaceOrientationLandscapeLeft UIInterfaceOrientationLandscapeRight";
				IPHONEOS_DEPLOYMENT_TARGET = 17.0;
				LD_RUNPATH_SEARCH_PATHS = (
					"$(inherited)",
					"@executable_path/Frameworks",
				);
				MARKETING_VERSION = 1.0;
				PRODUCT_BUNDLE_IDENTIFIER = com.zenith.app;
				PRODUCT_NAME = "$(TARGET_NAME)";
				SWIFT_EMIT_LOC_STRINGS = YES;
				SWIFT_VERSION = 5.0;
				TARGETED_DEVICE_FAMILY = "1,2";
			};
			name = Release;
		};
		5CA6E858702A4EAA802DA1DF /* Debug */ = {
			isa = XCBuildConfiguration;
			buildSettings = {
				ALWAYS_SEARCH_USER_PATHS = NO;
				CLANG_ANALYZER_NONNULL = YES;
				CLANG_ANALYZER_NUMBER_OBJECT_CONVERSION = YES_AGGRESSIVE;
				CLANG_CXX_LANGUAGE_STANDARD = "gnu++20";
				CLANG_ENABLE_MODULES = YES;
				CLANG_ENABLE_OBJC_ARC = YES;
				CLANG_ENABLE_OBJC_WEAK = YES;
				CLANG_WARN_BLOCK_CAPTURE_AUTORELEASING = YES;
				CLANG_WARN_BOOL_CONVERSION = YES;
				CLANG_WARN_COMMA = YES;
				CLANG_WARN_CONSTANT_CONVERSION = YES;
				CLANG_WARN_DEPRECATED_OBJC_IMPLEMENTATIONS = YES;
				CLANG_WARN_DIRECT_OBJC_ISA_USAGE = YES_ERROR;
				CLANG_WARN_DOCUMENTATION_COMMENTS = YES;
				CLANG_WARN_EMPTY_BODY = YES;
				CLANG_WARN_ENUM_CONVERSION = YES;
				CLANG_WARN_INFINITE_RECURSION = YES;
				CLANG_WARN_INT_CONVERSION = YES;
				CLANG_WARN_NON_LITERAL_NULL_CONVERSION = YES;
				CLANG_WARN_OBJC_IMPLICIT_RETAIN_SELF = YES;
				CLANG_WARN_OBJC_LITERAL_CONVERSION = YES;
				CLANG_WARN_OBJC_ROOT_CLASS = YES_ERROR;
				CLANG_WARN_QUOTED_INCLUDE_IN_FRAMEWORK_HEADER = YES;
				CLANG_WARN_RANGE_LOOP_ANALYSIS = YES;
				CLANG_WARN_STRICT_PROTOTYPES = YES;
				CLANG_WARN_SUSPICIOUS_MOVE = YES;
				CLANG_WARN_UNGUARDED_AVAILABILITY = YES_AGGRESSIVE;
				CLANG_WARN_UNREACHABLE_CODE = YES;
				CLANG_WARN__DUPLICATE_METHOD_MATCH = YES;
				COPY_PHASE_STRIP = NO;
				DEBUG_INFORMATION_FORMAT = dwarf;
				ENABLE_STRICT_OBJC_MSGSEND = YES;
				ENABLE_TESTABILITY = YES;
				ENABLE_USER_SCRIPT_SANDBOXING = NO;
				GCC_C_LANGUAGE_STANDARD = gnu17;
				GCC_DYNAMIC_NO_PIC = NO;
				GCC_NO_COMMON_BLOCKS = YES;
				GCC_OPTIMIZATION_LEVEL = 0;
				GCC_PREPROCESSOR_DEFINITIONS = (
					"DEBUG=1",
					"$(inherited)",
				);
				GCC_WARN_64_TO_32_BIT_CONVERSION = YES;
				GCC_WARN_ABOUT_RETURN_TYPE = YES_ERROR;
				GCC_WARN_UNDECLARED_SELECTOR = YES;
				GCC_WARN_UNINITIALIZED_AUTOS = YES_AGGRESSIVE;
				GCC_WARN_UNUSED_FUNCTION = YES;
				GCC_WARN_UNUSED_VARIABLE = YES;
				IPHONEOS_DEPLOYMENT_TARGET = 17.0;
				MTL_ENABLE_DEBUG_INFO = INCLUDE_SOURCE;
				MTL_FAST_MATH = YES;
				ONLY_ACTIVE_ARCH = YES;
				SDKROOT = iphoneos;
				SWIFT_ACTIVE_COMPILATION_CONDITIONS = "DEBUG $(inherited)";
				SWIFT_OPTIMIZATION_LEVEL = "-Onone";
			};
			name = Debug;
		};
		B2B8713FEE9A4F9BA3A70776 /* Release */ = {
			isa = XCBuildConfiguration;
			buildSettings = {
				ALWAYS_SEARCH_USER_PATHS = NO;
				CLANG_ANALYZER_NONNULL = YES;
				CLANG_ANALYZER_NUMBER_OBJECT_CONVERSION = YES_AGGRESSIVE;
				CLANG_CXX_LANGUAGE_STANDARD = "gnu++20";
				CLANG_ENABLE_MODULES = YES;
				CLANG_ENABLE_OBJC_ARC = YES;
				CLANG_ENABLE_OBJC_WEAK = YES;
				CLANG_WARN_BLOCK_CAPTURE_AUTORELEASING = YES;
				CLANG_WARN_BOOL_CONVERSION = YES;
				CLANG_WARN_COMMA = YES;
				CLANG_WARN_CONSTANT_CONVERSION = YES;
				CLANG_WARN_DEPRECATED_OBJC_IMPLEMENTATIONS = YES;
				CLANG_WARN_DIRECT_OBJC_ISA_USAGE = YES_ERROR;
				CLANG_WARN_DOCUMENTATION_COMMENTS = YES;
				CLANG_WARN_EMPTY_BODY = YES;
				CLANG_WARN_ENUM_CONVERSION = YES;
				CLANG_WARN_INFINITE_RECURSION = YES;
				CLANG_WARN_INT_CONVERSION = YES;
				CLANG_WARN_NON_LITERAL_NULL_CONVERSION = YES;
				CLANG_WARN_OBJC_IMPLICIT_RETAIN_SELF = YES;
				CLANG_WARN_OBJC_LITERAL_CONVERSION = YES;
				CLANG_WARN_OBJC_ROOT_CLASS = YES_ERROR;
				CLANG_WARN_QUOTED_INCLUDE_IN_FRAMEWORK_HEADER = YES;
				CLANG_WARN_RANGE_LOOP_ANALYSIS = YES;
				CLANG_WARN_STRICT_PROTOTYPES = YES;
				CLANG_WARN_SUSPICIOUS_MOVE = YES;
				CLANG_WARN_UNGUARDED_AVAILABILITY = YES_AGGRESSIVE;
				CLANG_WARN_UNREACHABLE_CODE = YES;
				CLANG_WARN__DUPLICATE_METHOD_MATCH = YES;
				COPY_PHASE_STRIP = NO;
				DEBUG_INFORMATION_FORMAT = "dwarf-with-dsym";
				ENABLE_NS_ASSERTIONS = NO;
				ENABLE_STRICT_OBJC_MSGSEND = YES;
				ENABLE_USER_SCRIPT_SANDBOXING = NO;
				GCC_C_LANGUAGE_STANDARD = gnu17;
				GCC_NO_COMMON_BLOCKS = YES;
				GCC_WARN_64_TO_32_BIT_CONVERSION = YES;
				GCC_WARN_ABOUT_RETURN_TYPE = YES_ERROR;
				GCC_WARN_UNDECLARED_SELECTOR = YES;
				GCC_WARN_UNINITIALIZED_AUTOS = YES_AGGRESSIVE;
				GCC_WARN_UNUSED_FUNCTION = YES;
				GCC_WARN_UNUSED_VARIABLE = YES;
				IPHONEOS_DEPLOYMENT_TARGET = 17.0;
				MTL_ENABLE_DEBUG_INFO = NO;
				MTL_FAST_MATH = YES;
				SDKROOT = iphoneos;
				SWIFT_COMPILATION_MODE = wholemodule;
				VALIDATE_PRODUCT = YES;
			};
			name = Release;
		};
		B960C0F284CF49618E00A6B2 /* Debug */ = {
			isa = XCBuildConfiguration;
			buildSettings = {
				ASSETCATALOG_COMPILER_APPICON_NAME = AppIcon;
				ASSETCATALOG_COMPILER_GLOBAL_ACCENT_COLOR_NAME = AccentColor;
				CODE_SIGN_STYLE = Automatic;
				CURRENT_PROJECT_VERSION = 1;
				DEVELOPMENT_ASSET_PATHS = "";
				ENABLE_PREVIEWS = YES;
				GENERATE_INFOPLIST_FILE = YES;
				INFOPLIST_KEY_NSCameraUsageDescription = "Zenith needs camera access to recognize food from photos.";
				INFOPLIST_KEY_UIApplicationSceneManifest_Generation = YES;
				INFOPLIST_KEY_UIApplicationSupportsIndirectInputEvents = YES;
				INFOPLIST_KEY_UILaunchScreen_Generation = YES;
				INFOPLIST_KEY_UISupportedInterfaceOrientations_iPad = "UIInterfaceOrientationPortrait UIInterfaceOrientationPortraitUpsideDown UIInterfaceOrientationLandscapeLeft UIInterfaceOrientationLandscapeRight";
				INFOPLIST_KEY_UISupportedInterfaceOrientations_iPhone = "UIInterfaceOrientationPortrait UIInterfaceOrientationLandscapeLeft UIInterfaceOrientationLandscapeRight";
				IPHONEOS_DEPLOYMENT_TARGET = 17.0;
				LD_RUNPATH_SEARCH_PATHS = (
					"$(inherited)",
					"@executable_path/Frameworks",
				);
				MARKETING_VERSION = 1.0;
				PRODUCT_BUNDLE_IDENTIFIER = com.zenith.app;
				PRODUCT_NAME = "$(TARGET_NAME)";
				SWIFT_EMIT_LOC_STRINGS = YES;
				SWIFT_VERSION = 5.0;
				TARGETED_DEVICE_FAMILY = "1,2";
			};
			name = Debug;
		};
/* End XCBuildConfiguration section */

/* Begin XCConfigurationList section */
		16345084867F4D069E41C94A /* Build configuration list for PBXProject "Zenith" */ = {
			isa = XCConfigurationList;
			buildConfigurations = (
				5CA6E858702A4EAA802DA1DF /* Debug */,
				B2B8713FEE9A4F9BA3A70776 /* Release */,
			);
			defaultConfigurationIsVisible = 0;
			defaultConfigurationName = Release;
		};
		910CBCF8707C458B97C669A6 /* Build configuration list for PBXNativeTarget "Zenith" */ = {
			isa = XCConfigurationList;
			buildConfigurations = (
				B960C0F284CF49618E00A6B2 /* Debug */,
				2AE2AC80955347C483EE9E7C /* Release */,
			);
			defaultConfigurationIsVisible = 0;
			defaultConfigurationName = Release;
		};
/* End XCConfigurationList section */
	};
	rootObject = DE1920EC4E14402987DCABA2 /* Project object */;
}
