// !$*UTF8*$!
{
	archiveVersion = 1;
	classes = {
	};
	objectVersion = 56;
	objects = {

/* Begin PBXBuildFile section */
		5D1498A2935F4ECC9284F7E4 /* ContentView.swift in Sources */ = {isa = PBXBuildFile; fileRef = E8E06DE4581449A19AE3072D /* ContentView.swift */; };
		46263194AFCE436DB4156835 /* ZenithApp.swift in Sources */ = {isa = PBXBuildFile; fileRef = 94E9830AE9CA4B33A33C9304 /* ZenithApp.swift */; };
		02CA389E219640A6A39E6924 /* FoodEntry.swift in Sources */ = {isa = PBXBuildFile; fileRef = 08967DABC16B499C83C2874C /* FoodEntry.swift */; };
		6698EEC4883F4034A4A8861F /* UserSettings.swift in Sources */ = {isa = PBXBuildFile; fileRef = 00593EEF7ACE422D80B121E2 /* UserSettings.swift */; };
		5EF82A4CC9A0404887F6091B /* APIClient.swift in Sources */ = {isa = PBXBuildFile; fileRef = 0137A6B9CF5D4E6EBA525EEE /* APIClient.swift */; };
		53FA1E2635BD4768A8C76E70 /* FoodRecognitionRequest.swift in Sources */ = {isa = PBXBuildFile; fileRef = C5524D98F2EF4E1C8B075BC9 /* FoodRecognitionRequest.swift */; };
		9714EEFDC8A446CABBF6CD8F /* FoodRecognitionResponse.swift in Sources */ = {isa = PBXBuildFile; fileRef = AB039C6DBAD44C16954C2B4B /* FoodRecognitionResponse.swift */; };
		E538EEFF04A5413E8AAB93BB /* SyncDownloadRequest.swift in Sources */ = {isa = PBXBuildFile; fileRef = DF08CDA00ADE4AD18ADE01E0 /* SyncDownloadRequest.swift */; };
		C3C935E14B6841D29A8054DC /* SyncDownloadResponse.swift in Sources */ = {isa = PBXBuildFile; fileRef = B36EE686A33B4010B4B54405 /* SyncDownloadResponse.swift */; };
		296FBEBF93424D77822945C4 /* SyncUploadRequest.swift in Sources */ = {isa = PBXBuildFile; fileRef = B0388C4C238F443D8D6DD3FE /* SyncUploadRequest.swift */; };
		EC9329358BF8428AAC6128A5 /* SyncUploadResponse.swift in Sources */ = {isa = PBXBuildFile; fileRef = 4AD7423DDD494615BAC40113 /* SyncUploadResponse.swift */; };
		B07472C8FABF40D3A8419FAF /* LiveAPIClient.swift in Sources */ = {isa = PBXBuildFile; fileRef = 0CB618364B6944BAB89F8227 /* LiveAPIClient.swift */; };
		BA955A02BAA24237B24A40C6 /* MockAPIClient.swift in Sources */ = {isa = PBXBuildFile; fileRef = 2D4682FDB2824CC9A3387AA1 /* MockAPIClient.swift */; };
		BA89B70644784D0F8F868453 /* PhotoRecognitionService.swift in Sources */ = {isa = PBXBuildFile; fileRef = 2433B45FD4374F63B0F218F4 /* PhotoRecognitionService.swift */; };
		792B511C25F54E9DA04C5C12 /* SyncService.swift in Sources */ = {isa = PBXBuildFile; fileRef = 7EBD0761BCD64619AB49FD32 /* SyncService.swift */; };
		75E2D5AD6A3D4E21B9AC3043 /* Color+Theme.swift in Sources */ = {isa = PBXBuildFile; fileRef = E8227BC55DAA472289DB2BE9 /* Color+Theme.swift */; };
		F132C857E8A143CAB33E840F /* Date+Extensions.swift in Sources */ = {isa = PBXBuildFile; fileRef = A72C0EFB22E74B999B1500EB /* Date+Extensions.swift */; };
		7C6A4DE3FF81414F883694FF /* AddEntryView.swift in Sources */ = {isa = PBXBuildFile; fileRef = 6EC75E75BDA84E7197D403BD /* AddEntryView.swift */; };
		9F22D1824FD546AEA0FE1F7F /* FoodRecognitionResultsView.swift in Sources */ = {isa = PBXBuildFile; fileRef = 62978647B381414AB31DB60B /* FoodRecognitionResultsView.swift */; };
		A66C7B916866442AA1885450 /* PhotoCaptureView.swift in Sources */ = {isa = PBXBuildFile; fileRef = 2791774C07BC408387BB2955 /* PhotoCaptureView.swift */; };
		AD787A34E876494ABBB7425B /* CalorieRingView.swift in Sources */ = {isa = PBXBuildFile; fileRef = 8BD2F7AE61374A83B9616593 /* CalorieRingView.swift */; };
		5F0FBBAAB5B94AA4A7D8AD4A /* DashboardView.swift in Sources */ = {isa = PBXBuildFile; fileRef = 7417107C828744B4B22F85FF /* DashboardView.swift */; };
		30138EFEEC694B1FA685493D /* MacroSummaryView.swift in Sources */ = {isa = PBXBuildFile; fileRef = EBDA319B8DB74EA1B6E247CB /* MacroSummaryView.swift */; };
		7C2250B36C6E4C4B89F0B4A0 /* RecentEntriesListView.swift in Sources */ = {isa = PBXBuildFile; fileRef = 0291E5469C7D47CDAFADD840 /* RecentEntriesListView.swift */; };
		0A6717D715C74BD6AAEA9A90 /* DayDetailView.swift in Sources */ = {isa = PBXBuildFile; fileRef = 7719D7CDBC664048AE3BA344 /* DayDetailView.swift */; };
		CEC0857DAD5C4DF9B93F2447 /* HistoryView.swift in Sources */ = {isa = PBXBuildFile; fileRef = 7D515E821C254D2BB568C15E /* HistoryView.swift */; };
		A51D90607A4E435F97C6BD46 /* SettingsView.swift in Sources */ = {isa = PBXBuildFile; fileRef = 68F1145576F24A1AB0065FB2 /* SettingsView.swift */; };
		A04AD230E80840EFA448130C /* MacroLabel.swift in Sources */ = {isa = PBXBuildFile; fileRef = EA10BB3543D24B058558DC0A /* MacroLabel.swift */; };
		AFED47DA374547DCA3DDC3F0 /* NutritionFormFields.swift in Sources */ = {isa = PBXBuildFile; fileRef = 95A5E649A7434C8EAED6380A /* NutritionFormFields.swift */; };
		5A3FEE569629495AB1DA56A1 /* Assets.xcassets in Resources */ = {isa = PBXBuildFile; fileRef = 76484B7244A64B14AE239992 /* Assets.xcassets */; };
/* End PBXBuildFile section */

/* Begin PBXFileReference section */
		E8E06DE4581449A19AE3072D /* ContentView.swift */ = {isa = PBXFileReference; lastKnownFileType = sourcecode.swift; path = "ContentView.swift"; sourceTree = "<group>"; };
		94E9830AE9CA4B33A33C9304 /* ZenithApp.swift */ = {isa = PBXFileReference; lastKnownFileType = sourcecode.swift; path = "ZenithApp.swift"; sourceTree = "<group>"; };
		08967DABC16B499C83C2874C /* FoodEntry.swift */ = {isa = PBXFileReference; lastKnownFileType = sourcecode.swift; path = "FoodEntry.swift"; sourceTree = "<group>"; };
		00593EEF7ACE422D80B121E2 /* UserSettings.swift */ = {isa = PBXFileReference; lastKnownFileType = sourcecode.swift; path = "UserSettings.swift"; sourceTree = "<group>"; };
		0137A6B9CF5D4E6EBA525EEE /* APIClient.swift */ = {isa = PBXFileReference; lastKnownFileType = sourcecode.swift; path = "APIClient.swift"; sourceTree = "<group>"; };
		C5524D98F2EF4E1C8B075BC9 /* FoodRecognitionRequest.swift */ = {isa = PBXFileReference; lastKnownFileType = sourcecode.swift; path = "FoodRecognitionRequest.swift"; sourceTree = "<group>"; };
		AB039C6DBAD44C16954C2B4B /* FoodRecognitionResponse.swift */ = {isa = PBXFileReference; lastKnownFileType = sourcecode.swift; path = "FoodRecognitionResponse.swift"; sourceTree = "<group>"; };
		DF08CDA00ADE4AD18ADE01E0 /* SyncDownloadRequest.swift */ = {isa = PBXFileReference; lastKnownFileType = sourcecode.swift; path = "SyncDownloadRequest.swift"; sourceTree = "<group>"; };
		B36EE686A33B4010B4B54405 /* SyncDownloadResponse.swift */ = {isa = PBXFileReference; lastKnownFileType = sourcecode.swift; path = "SyncDownloadResponse.swift"; sourceTree = "<group>"; };
		B0388C4C238F443D8D6DD3FE /* SyncUploadRequest.swift */ = {isa = PBXFileReference; lastKnownFileType = sourcecode.swift; path = "SyncUploadRequest.swift"; sourceTree = "<group>"; };
		4AD7423DDD494615BAC40113 /* SyncUploadResponse.swift */ = {isa = PBXFileReference; lastKnownFileType = sourcecode.swift; path = "SyncUploadResponse.swift"; sourceTree = "<group>"; };
		0CB618364B6944BAB89F8227 /* LiveAPIClient.swift */ = {isa = PBXFileReference; lastKnownFileType = sourcecode.swift; path = "LiveAPIClient.swift"; sourceTree = "<group>"; };
		2D4682FDB2824CC9A3387AA1 /* MockAPIClient.swift */ = {isa = PBXFileReference; lastKnownFileType = sourcecode.swift; path = "MockAPIClient.swift"; sourceTree = "<group>"; };
		2433B45FD4374F63B0F218F4 /* PhotoRecognitionService.swift */ = {isa = PBXFileReference; lastKnownFileType = sourcecode.swift; path = "PhotoRecognitionService.swift"; sourceTree = "<group>"; };
		7EBD0761BCD64619AB49FD32 /* SyncService.swift */ = {isa = PBXFileReference; lastKnownFileType = sourcecode.swift; path = "SyncService.swift"; sourceTree = "<group>"; };
		E8227BC55DAA472289DB2BE9 /* Color+Theme.swift */ = {isa = PBXFileReference; lastKnownFileType = sourcecode.swift; path = "Color+Theme.swift"; sourceTree = "<group>"; };
		A72C0EFB22E74B999B1500EB /* Date+Extensions.swift */ = {isa = PBXFileReference; lastKnownFileType = sourcecode.swift; path = "Date+Extensions.swift"; sourceTree = "<group>"; };
		6EC75E75BDA84E7197D403BD /* AddEntryView.swift */ = {isa = PBXFileReference; lastKnownFileType = sourcecode.swift; path = "AddEntryView.swift"; sourceTree = "<group>"; };
		62978647B381414AB31DB60B /* FoodRecognitionResultsView.swift */ = {isa = PBXFileReference; lastKnownFileType = sourcecode.swift; path = "FoodRecognitionResultsView.swift"; sourceTree = "<group>"; };
		2791774C07BC408387BB2955 /* PhotoCaptureView.swift */ = {isa = PBXFileReference; lastKnownFileType = sourcecode.swift; path = "PhotoCaptureView.swift"; sourceTree = "<group>"; };
		8BD2F7AE61374A83B9616593 /* CalorieRingView.swift */ = {isa = PBXFileReference; lastKnownFileType = sourcecode.swift; path = "CalorieRingView.swift"; sourceTree = "<group>"; };
		7417107C828744B4B22F85FF /* DashboardView.swift */ = {isa = PBXFileReference; lastKnownFileType = sourcecode.swift; path = "DashboardView.swift"; sourceTree = "<group>"; };
		EBDA319B8DB74EA1B6E247CB /* MacroSummaryView.swift */ = {isa = PBXFileReference; lastKnownFileType = sourcecode.swift; path = "MacroSummaryView.swift"; sourceTree = "<group>"; };
		0291E5469C7D47CDAFADD840 /* RecentEntriesListView.swift */ = {isa = PBXFileReference; lastKnownFileType = sourcecode.swift; path = "RecentEntriesListView.swift"; sourceTree = "<group>"; };
		7719D7CDBC664048AE3BA344 /* DayDetailView.swift */ = {isa = PBXFileReference; lastKnownFileType = sourcecode.swift; path = "DayDetailView.swift"; sourceTree = "<group>"; };
		7D515E821C254D2BB568C15E /* HistoryView.swift */ = {isa = PBXFileReference; lastKnownFileType = sourcecode.swift; path = "HistoryView.swift"; sourceTree = "<group>"; };
		68F1145576F24A1AB0065FB2 /* SettingsView.swift */ = {isa = PBXFileReference; lastKnownFileType = sourcecode.swift; path = "SettingsView.swift"; sourceTree = "<group>"; };
		EA10BB3543D24B058558DC0A /* MacroLabel.swift */ = {isa = PBXFileReference; lastKnownFileType = sourcecode.swift; path = "MacroLabel.swift"; sourceTree = "<group>"; };
		95A5E649A7434C8EAED6380A /* NutritionFormFields.swift */ = {isa = PBXFileReference; lastKnownFileType = sourcecode.swift; path = "NutritionFormFields.swift"; sourceTree = "<group>"; };
		76484B7244A64B14AE239992 /* Assets.xcassets */ = {isa = PBXFileReference; lastKnownFileType = folder.assetcatalog; path = Assets.xcassets; sourceTree = "<group>"; };
		F47D07C524224B8198175FD5 /* Zenith.app */ = {isa = PBXFileReference; explicitFileType = wrapper.application; includeInIndex = 0; path = Zenith.app; sourceTree = BUILT_PRODUCTS_DIR; };
/* End PBXFileReference section */

/* Begin PBXFrameworksBuildPhase section */
		44F2077E01E24E6A9FDDFBA9 /* Frameworks */ = {
			isa = PBXFrameworksBuildPhase;
			buildActionMask = 2147483647;
			files = (
			);
			runOnlyForDeploymentPostprocessing = 0;
		};
/* End PBXFrameworksBuildPhase section */

/* Begin PBXGroup section */
		6202DF96D43144939AC37C37 = {
			isa = PBXGroup;
			children = (
				2154A72F294F41659000A05D /* Zenith */,
				13F24EBCF4D04E16AF4EB0B2 /* Products */,
			);
			sourceTree = "<group>";
		};
		13F24EBCF4D04E16AF4EB0B2 /* Products */ = {
			isa = PBXGroup;
			children = (
				F47D07C524224B8198175FD5 /* Zenith.app */,
			);
			name = Products;
			sourceTree = "<group>";
		};
		2154A72F294F41659000A05D /* Zenith */ = {
			isa = PBXGroup;
			children = (
				7D83299DC0174EA4A48ADC67 /* Models */,
				FA7471721CAC4624922D20DB /* Networking */,
				23153298530940ABB76BFFD8 /* Services */,
				1E0F218261E54CA79CE766B4 /* Utilities */,
				1B280DF66D3C4218847A40D9 /* Views */,
				E8E06DE4581449A19AE3072D /* ContentView.swift */,
				94E9830AE9CA4B33A33C9304 /* ZenithApp.swift */,
				76484B7244A64B14AE239992 /* Assets.xcassets */,
			);
			path = "Zenith";
			sourceTree = "<group>";
		};
		7D83299DC0174EA4A48ADC67 /* Models */ = {
			isa = PBXGroup;
			children = (
				08967DABC16B499C83C2874C /* FoodEntry.swift */,
				00593EEF7ACE422D80B121E2 /* UserSettings.swift */,
			);
			path = "Models";
			sourceTree = "<group>";
		};
		FA7471721CAC4624922D20DB /* Networking */ = {
			isa = PBXGroup;
			children = (
				569CE167180748E2A5AB42AA /* DTOs */,
				0137A6B9CF5D4E6EBA525EEE /* APIClient.swift */,
				0CB618364B6944BAB89F8227 /* LiveAPIClient.swift */,
				2D4682FDB2824CC9A3387AA1 /* MockAPIClient.swift */,
			);
			path = "Networking";
			sourceTree = "<group>";
		};
		569CE167180748E2A5AB42AA /* DTOs */ = {
			isa = PBXGroup;
			children = (
				C5524D98F2EF4E1C8B075BC9 /* FoodRecognitionRequest.swift */,
				AB039C6DBAD44C16954C2B4B /* FoodRecognitionResponse.swift */,
				DF08CDA00ADE4AD18ADE01E0 /* SyncDownloadRequest.swift */,
				B36EE686A33B4010B4B54405 /* SyncDownloadResponse.swift */,
				B0388C4C238F443D8D6DD3FE /* SyncUploadRequest.swift */,
				4AD7423DDD494615BAC40113 /* SyncUploadResponse.swift */,
			);
			path = "DTOs";
			sourceTree = "<group>";
		};
		23153298530940ABB76BFFD8 /* Services */ = {
			isa = PBXGroup;
			children = (
				2433B45FD4374F63B0F218F4 /* PhotoRecognitionService.swift */,
				7EBD0761BCD64619AB49FD32 /* SyncService.swift */,
			);
			path = "Services";
			sourceTree = "<group>";
		};
		1E0F218261E54CA79CE766B4 /* Utilities */ = {
			isa = PBXGroup;
			children = (
				E8227BC55DAA472289DB2BE9 /* Color+Theme.swift */,
				A72C0EFB22E74B999B1500EB /* Date+Extensions.swift */,
			);
			path = "Utilities";
			sourceTree = "<group>";
		};
		1B280DF66D3C4218847A40D9 /* Views */ = {
			isa = PBXGroup;
			children = (
				FD879AFFEB5C40D0BBFD314A /* AddEntry */,
				61D5917E8D27420B82FD6571 /* Dashboard */,
				0F3712EC39374751BDD99ACA /* History */,
				E4CA185EC64842C8B562DC09 /* Settings */,
				A175CB48D92C4F80A3D30882 /* Shared */,
			);
			path = "Views";
			sourceTree = "<group>";
		};
		FD879AFFEB5C40D0BBFD314A /* AddEntry */ = {
			isa = PBXGroup;
			children = (
				6EC75E75BDA84E7197D403BD /* AddEntryView.swift */,
				62978647B381414AB31DB60B /* FoodRecognitionResultsView.swift */,
				2791774C07BC408387BB2955 /* PhotoCaptureView.swift */,
			);
			path = "AddEntry";
			sourceTree = "<group>";
		};
		61D5917E8D27420B82FD6571 /* Dashboard */ = {
			isa = PBXGroup;
			children = (
				8BD2F7AE61374A83B9616593 /* CalorieRingView.swift */,
				7417107C828744B4B22F85FF /* DashboardView.swift */,
				EBDA319B8DB74EA1B6E247CB /* MacroSummaryView.swift */,
				0291E5469C7D47CDAFADD840 /* RecentEntriesListView.swift */,
			);
			path = "Dashboard";
			sourceTree = "<group>";
		};
		0F3712EC39374751BDD99ACA /* History */ = {
			isa = PBXGroup;
			children = (
				7719D7CDBC664048AE3BA344 /* DayDetailView.swift */,
				7D515E821C254D2BB568C15E /* HistoryView.swift */,
			);
			path = "History";
			sourceTree = "<group>";
		};
		E4CA185EC64842C8B562DC09 /* Settings */ = {
			isa = PBXGroup;
			children = (
				68F1145576F24A1AB0065FB2 /* SettingsView.swift */,
			);
			path = "Settings";
			sourceTree = "<group>";
		};
		A175CB48D92C4F80A3D30882 /* Shared */ = {
			isa = PBXGroup;
			children = (
				EA10BB3543D24B058558DC0A /* MacroLabel.swift */,
				95A5E649A7434C8EAED6380A /* NutritionFormFields.swift */,
			);
			path = "Shared";
			sourceTree = "<group>";
		};
/* End PBXGroup section */

/* Begin PBXNativeTarget section */
		278ABF9A3E644B5AADCBEEF2 /* Zenith */ = {
			isa = PBXNativeTarget;
			buildConfigurationList = ED0DECFD1FBD40F2B9726844 /* Build configuration list for PBXNativeTarget "Zenith" */;
			buildPhases = (
				B5C5ED3C79D845058FD25367 /* Sources */,
				44F2077E01E24E6A9FDDFBA9 /* Frameworks */,
				6E00561B3978401C9D41B9A6 /* Resources */,
			);
			buildRules = (
			);
			dependencies = (
			);
			name = Zenith;
			productName = Zenith;
			productReference = F47D07C524224B8198175FD5 /* Zenith.app */;
			productType = "com.apple.product-type.application";
		};
/* End PBXNativeTarget section */

/* Begin PBXProject section */
		08A1EE2970514DCCA859343D /* Project object */ = {
			isa = PBXProject;
			attributes = {
				BuildIndependentTargetsInParallel = 1;
				LastSwiftUpdateCheck = 1600;
				LastUpgradeCheck = 1600;
			};
			buildConfigurationList = C5554EA188F045A1835DDFC4 /* Build configuration list for PBXProject "Zenith" */;
			compatibilityVersion = "Xcode 15.0";
			developmentRegion = en;
			hasScannedForEncodings = 0;
			knownRegions = (
				en,
				Base,
			);
			mainGroup = 6202DF96D43144939AC37C37;
			productRefGroup = 13F24EBCF4D04E16AF4EB0B2 /* Products */;
			projectDirPath = "";
			projectRoot = "";
			targets = (
				278ABF9A3E644B5AADCBEEF2 /* Zenith */,
			);
		};
/* End PBXProject section */

/* Begin PBXResourcesBuildPhase section */
		6E00561B3978401C9D41B9A6 /* Resources */ = {
			isa = PBXResourcesBuildPhase;
			buildActionMask = 2147483647;
			files = (
				5A3FEE569629495AB1DA56A1 /* Assets.xcassets in Resources */,
			);
			runOnlyForDeploymentPostprocessing = 0;
		};
/* End PBXResourcesBuildPhase section */

/* Begin PBXSourcesBuildPhase section */
		B5C5ED3C79D845058FD25367 /* Sources */ = {
			isa = PBXSourcesBuildPhase;
			buildActionMask = 2147483647;
			files = (
				5D1498A2935F4ECC9284F7E4 /* ContentView.swift in Sources */,
				46263194AFCE436DB4156835 /* ZenithApp.swift in Sources */,
				02CA389E219640A6A39E6924 /* FoodEntry.swift in Sources */,
				6698EEC4883F4034A4A8861F /* UserSettings.swift in Sources */,
				5EF82A4CC9A0404887F6091B /* APIClient.swift in Sources */,
				53FA1E2635BD4768A8C76E70 /* FoodRecognitionRequest.swift in Sources */,
				9714EEFDC8A446CABBF6CD8F /* FoodRecognitionResponse.swift in Sources */,
				E538EEFF04A5413E8AAB93BB /* SyncDownloadRequest.swift in Sources */,
				C3C935E14B6841D29A8054DC /* SyncDownloadResponse.swift in Sources */,
				296FBEBF93424D77822945C4 /* SyncUploadRequest.swift in Sources */,
				EC9329358BF8428AAC6128A5 /* SyncUploadResponse.swift in Sources */,
				B07472C8FABF40D3A8419FAF /* LiveAPIClient.swift in Sources */,
				BA955A02BAA24237B24A40C6 /* MockAPIClient.swift in Sources */,
				BA89B70644784D0F8F868453 /* PhotoRecognitionService.swift in Sources */,
				792B511C25F54E9DA04C5C12 /* SyncService.swift in Sources */,
				75E2D5AD6A3D4E21B9AC3043 /* Color+Theme.swift in Sources */,
				F132C857E8A143CAB33E840F /* Date+Extensions.swift in Sources */,
				7C6A4DE3FF81414F883694FF /* AddEntryView.swift in Sources */,
				9F22D1824FD546AEA0FE1F7F /* FoodRecognitionResultsView.swift in Sources */,
				A66C7B916866442AA1885450 /* PhotoCaptureView.swift in Sources */,
				AD787A34E876494ABBB7425B /* CalorieRingView.swift in Sources */,
				5F0FBBAAB5B94AA4A7D8AD4A /* DashboardView.swift in Sources */,
				30138EFEEC694B1FA685493D /* MacroSummaryView.swift in Sources */,
				7C2250B36C6E4C4B89F0B4A0 /* RecentEntriesListView.swift in Sources */,
				0A6717D715C74BD6AAEA9A90 /* DayDetailView.swift in Sources */,
				CEC0857DAD5C4DF9B93F2447 /* HistoryView.swift in Sources */,
				A51D90607A4E435F97C6BD46 /* SettingsView.swift in Sources */,
				A04AD230E80840EFA448130C /* MacroLabel.swift in Sources */,
				AFED47DA374547DCA3DDC3F0 /* NutritionFormFields.swift in Sources */,
			);
			runOnlyForDeploymentPostprocessing = 0;
		};
/* End PBXSourcesBuildPhase section */

/* Begin XCBuildConfiguration section */
		175D6CAD7395418CADAC7539 /* Debug */ = {
			isa = XCBuildConfiguration;
			buildSettings = {
				ALWAYS_SEARCH_USER_PATHS = NO;
				CLANG_ANALYZER_NONNULL = YES;
				CLANG_ANALYZER_NUMBER_OBJECT_CONVERSION = YES_AGGRESSIVE;
				CLANG_CXX_LANGUAGE_STANDARD = "gnu++20";
				CLANG_ENABLE_MODULES = YES;
				CLANG_ENABLE_OBJC_ARC = YES;
				CLANG_ENABLE_OBJC_WEAK = YES;
				CLANG_WARN_BLOCK_CAPTURE_AUTORELEASING = YES;
				CLANG_WARN_BOOL_CONVERSION = YES;
				CLANG_WARN_COMMA = YES;
				CLANG_WARN_CONSTANT_CONVERSION = YES;
				CLANG_WARN_DEPRECATED_OBJC_IMPLEMENTATIONS = YES;
				CLANG_WARN_DIRECT_OBJC_ISA_USAGE = YES_ERROR;
				CLANG_WARN_DOCUMENTATION_COMMENTS = YES;
				CLANG_WARN_EMPTY_BODY = YES;
				CLANG_WARN_ENUM_CONVERSION = YES;
				CLANG_WARN_INFINITE_RECURSION = YES;
				CLANG_WARN_INT_CONVERSION = YES;
				CLANG_WARN_NON_LITERAL_NULL_CONVERSION = YES;
				CLANG_WARN_OBJC_IMPLICIT_RETAIN_SELF = YES;
				CLANG_WARN_OBJC_LITERAL_CONVERSION = YES;
				CLANG_WARN_OBJC_ROOT_CLASS = YES_ERROR;
				CLANG_WARN_QUOTED_INCLUDE_IN_FRAMEWORK_HEADER = YES;
				CLANG_WARN_RANGE_LOOP_ANALYSIS = YES;
				CLANG_WARN_STRICT_PROTOTYPES = YES;
				CLANG_WARN_SUSPICIOUS_MOVE = YES;
				CLANG_WARN_UNGUARDED_AVAILABILITY = YES_AGGRESSIVE;
				CLANG_WARN_UNREACHABLE_CODE = YES;
				CLANG_WARN__DUPLICATE_METHOD_MATCH = YES;
				COPY_PHASE_STRIP = NO;
				DEBUG_INFORMATION_FORMAT = dwarf;
				ENABLE_STRICT_OBJC_MSGSEND = YES;
				ENABLE_TESTABILITY = YES;
				ENABLE_USER_SCRIPT_SANDBOXING = YES;
				GCC_C_LANGUAGE_STANDARD = gnu17;
				GCC_DYNAMIC_NO_PIC = NO;
				GCC_NO_COMMON_BLOCKS = YES;
				GCC_OPTIMIZATION_LEVEL = 0;
				GCC_PREPROCESSOR_DEFINITIONS = (
					"DEBUG=1",
					"$(inherited)",
				);
				GCC_WARN_64_TO_32_BIT_CONVERSION = YES;
				GCC_WARN_ABOUT_RETURN_TYPE = YES_ERROR;
				GCC_WARN_UNDECLARED_SELECTOR = YES;
				GCC_WARN_UNINITIALIZED_AUTOS = YES_AGGRESSIVE;
				GCC_WARN_UNUSED_FUNCTION = YES;
				GCC_WARN_UNUSED_VARIABLE = YES;
				IPHONEOS_DEPLOYMENT_TARGET = 17.0;
				MTL_ENABLE_DEBUG_INFO = INCLUDE_SOURCE;
				MTL_FAST_MATH = YES;
				ONLY_ACTIVE_ARCH = YES;
				SDKROOT = iphoneos;
				SWIFT_ACTIVE_COMPILATION_CONDITIONS = "DEBUG $(inherited)";
				SWIFT_OPTIMIZATION_LEVEL = "-Onone";
			};
			name = Debug;
		};
		1A6BD9CF0DB8498BBA22B3CD /* Release */ = {
			isa = XCBuildConfiguration;
			buildSettings = {
				ALWAYS_SEARCH_USER_PATHS = NO;
				CLANG_ANALYZER_NONNULL = YES;
				CLANG_ANALYZER_NUMBER_OBJECT_CONVERSION = YES_AGGRESSIVE;
				CLANG_CXX_LANGUAGE_STANDARD = "gnu++20";
				CLANG_ENABLE_MODULES = YES;
				CLANG_ENABLE_OBJC_ARC = YES;
				CLANG_ENABLE_OBJC_WEAK = YES;
				CLANG_WARN_BLOCK_CAPTURE_AUTORELEASING = YES;
				CLANG_WARN_BOOL_CONVERSION = YES;
				CLANG_WARN_COMMA = YES;
				CLANG_WARN_CONSTANT_CONVERSION = YES;
				CLANG_WARN_DEPRECATED_OBJC_IMPLEMENTATIONS = YES;
				CLANG_WARN_DIRECT_OBJC_ISA_USAGE = YES_ERROR;
				CLANG_WARN_DOCUMENTATION_COMMENTS = YES;
				CLANG_WARN_EMPTY_BODY = YES;
				CLANG_WARN_ENUM_CONVERSION = YES;
				CLANG_WARN_INFINITE_RECURSION = YES;
				CLANG_WARN_INT_CONVERSION = YES;
				CLANG_WARN_NON_LITERAL_NULL_CONVERSION = YES;
				CLANG_WARN_OBJC_IMPLICIT_RETAIN_SELF = YES;
				CLANG_WARN_OBJC_LITERAL_CONVERSION = YES;
				CLANG_WARN_OBJC_ROOT_CLASS = YES_ERROR;
				CLANG_WARN_QUOTED_INCLUDE_IN_FRAMEWORK_HEADER = YES;
				CLANG_WARN_RANGE_LOOP_ANALYSIS = YES;
				CLANG_WARN_STRICT_PROTOTYPES = YES;
				CLANG_WARN_SUSPICIOUS_MOVE = YES;
				CLANG_WARN_UNGUARDED_AVAILABILITY = YES_AGGRESSIVE;
				CLANG_WARN_UNREACHABLE_CODE = YES;
				CLANG_WARN__DUPLICATE_METHOD_MATCH = YES;
				COPY_PHASE_STRIP = NO;
				DEBUG_INFORMATION_FORMAT = "dwarf-with-dsym";
				ENABLE_NS_ASSERTIONS = NO;
				ENABLE_STRICT_OBJC_MSGSEND = YES;
				ENABLE_USER_SCRIPT_SANDBOXING = YES;
				GCC_C_LANGUAGE_STANDARD = gnu17;
				GCC_NO_COMMON_BLOCKS = YES;
				GCC_WARN_64_TO_32_BIT_CONVERSION = YES;
				GCC_WARN_ABOUT_RETURN_TYPE = YES_ERROR;
				GCC_WARN_UNDECLARED_SELECTOR = YES;
				GCC_WARN_UNINITIALIZED_AUTOS = YES_AGGRESSIVE;
				GCC_WARN_UNUSED_FUNCTION = YES;
				GCC_WARN_UNUSED_VARIABLE = YES;
				IPHONEOS_DEPLOYMENT_TARGET = 17.0;
				MTL_ENABLE_DEBUG_INFO = NO;
				MTL_FAST_MATH = YES;
				SDKROOT = iphoneos;
				SWIFT_COMPILATION_MODE = wholemodule;
				VALIDATE_PRODUCT = YES;
			};
			name = Release;
		};
		260CDAABD8E14FA1943EF773 /* Debug */ = {
			isa = XCBuildConfiguration;
			buildSettings = {
				ASSETCATALOG_COMPILER_APPICON_NAME = AppIcon;
				ASSETCATALOG_COMPILER_GLOBAL_ACCENT_COLOR_NAME = AccentColor;
				CODE_SIGN_STYLE = Automatic;
				CURRENT_PROJECT_VERSION = 1;
				DEVELOPMENT_ASSET_PATHS = "";
				ENABLE_PREVIEWS = YES;
				GENERATE_INFOPLIST_FILE = YES;
				INFOPLIST_KEY_NSCameraUsageDescription = "Zenith needs camera access to recognize food from photos.";
				INFOPLIST_KEY_UIApplicationSceneManifest_Generation = YES;
				INFOPLIST_KEY_UIApplicationSupportsIndirectInputEvents = YES;
				INFOPLIST_KEY_UILaunchScreen_Generation = YES;
				INFOPLIST_KEY_UISupportedInterfaceOrientations_iPad = "UIInterfaceOrientationPortrait UIInterfaceOrientationPortraitUpsideDown UIInterfaceOrientationLandscapeLeft UIInterfaceOrientationLandscapeRight";
				INFOPLIST_KEY_UISupportedInterfaceOrientations_iPhone = "UIInterfaceOrientationPortrait UIInterfaceOrientationLandscapeLeft UIInterfaceOrientationLandscapeRight";
				IPHONEOS_DEPLOYMENT_TARGET = 17.0;
				LD_RUNPATH_SEARCH_PATHS = (
					"$(inherited)",
					"@executable_path/Frameworks",
				);
				MARKETING_VERSION = 1.0;
				PRODUCT_BUNDLE_IDENTIFIER = com.zenith.app;
				PRODUCT_NAME = "$(TARGET_NAME)";
				SWIFT_EMIT_LOC_STRINGS = YES;
				SWIFT_VERSION = 5.0;
				TARGETED_DEVICE_FAMILY = "1,2";
			};
			name = Debug;
		};
		6E134C1A138D45B7BAB11AE0 /* Release */ = {
			isa = XCBuildConfiguration;
			buildSettings = {
				ASSETCATALOG_COMPILER_APPICON_NAME = AppIcon;
				ASSETCATALOG_COMPILER_GLOBAL_ACCENT_COLOR_NAME = AccentColor;
				CODE_SIGN_STYLE = Automatic;
				CURRENT_PROJECT_VERSION = 1;
				DEVELOPMENT_ASSET_PATHS = "";
				ENABLE_PREVIEWS = YES;
				GENERATE_INFOPLIST_FILE = YES;
				INFOPLIST_KEY_NSCameraUsageDescription = "Zenith needs camera access to recognize food from photos.";
				INFOPLIST_KEY_UIApplicationSceneManifest_Generation = YES;
				INFOPLIST_KEY_UIApplicationSupportsIndirectInputEvents = YES;
				INFOPLIST_KEY_UILaunchScreen_Generation = YES;
				INFOPLIST_KEY_UISupportedInterfaceOrientations_iPad = "UIInterfaceOrientationPortrait UIInterfaceOrientationPortraitUpsideDown UIInterfaceOrientationLandscapeLeft UIInterfaceOrientationLandscapeRight";
				INFOPLIST_KEY_UISupportedInterfaceOrientations_iPhone = "UIInterfaceOrientationPortrait UIInterfaceOrientationLandscapeLeft UIInterfaceOrientationLandscapeRight";
				IPHONEOS_DEPLOYMENT_TARGET = 17.0;
				LD_RUNPATH_SEARCH_PATHS = (
					"$(inherited)",
					"@executable_path/Frameworks",
				);
				MARKETING_VERSION = 1.0;
				PRODUCT_BUNDLE_IDENTIFIER = com.zenith.app;
				PRODUCT_NAME = "$(TARGET_NAME)";
				SWIFT_EMIT_LOC_STRINGS = YES;
				SWIFT_VERSION = 5.0;
				TARGETED_DEVICE_FAMILY = "1,2";
			};
			name = Release;
		};
/* End XCBuildConfiguration section */

/* Begin XCConfigurationList section */
		C5554EA188F045A1835DDFC4 /* Build configuration list for PBXProject "Zenith" */ = {
			isa = XCConfigurationList;
			buildConfigurations = (
				175D6CAD7395418CADAC7539 /* Debug */,
				1A6BD9CF0DB8498BBA22B3CD /* Release */,
			);
			defaultConfigurationIsVisible = 0;
			defaultConfigurationName = Release;
		};
		ED0DECFD1FBD40F2B9726844 /* Build configuration list for PBXNativeTarget "Zenith" */ = {
			isa = XCConfigurationList;
			buildConfigurations = (
				260CDAABD8E14FA1943EF773 /* Debug */,
				6E134C1A138D45B7BAB11AE0 /* Release */,
			);
			defaultConfigurationIsVisible = 0;
			defaultConfigurationName = Release;
		};
/* End XCConfigurationList section */

	};
	rootObject = 08A1EE2970514DCCA859343D /* Project object */;
}
